
Microsoft Visual Studio Solution File, Format Version 12.00
# Visual Studio Version 16
VisualStudioVersion = 16.0.30611.23
MinimumVisualStudioVersion = 10.0.40219.1
Project("{FAE04EC0-301F-11D3-BF4B-00C04F79EFBC}") = "labwork_2_2", "labwork_2_2.csproj", "{1578AE64-89D7-4D40-B266-D0E24D852F92}"
EndProject
Global
	GlobalSection(SolutionConfigurationPlatforms) = preSolution
		Debug|Any CPU = Debug|Any CPU
		Release|Any CPU = Release|Any CPU
	EndGlobalSection
	GlobalSection(ProjectConfigurationPlatforms) = postSolution
		{1578AE64-89D7-4D40-B266-D0E24D852F92}.Debug|Any CPU.ActiveCfg = Debug|Any CPU
		{1578AE64-89D7-4D40-B266-D0E24D852F92}.Debug|Any CPU.Build.0 = Debug|Any CPU
		{1578AE64-89D7-4D40-B266-D0E24D852F92}.Release|Any CPU.ActiveCfg = Release|Any CPU
		{1578AE64-89D7-4D40-B266-D0E24D852F92}.Release|Any CPU.Build.0 = Release|Any CPU
	EndGlobalSection
	GlobalSection(SolutionProperties) = preSolution
		HideSolutionNode = FALSE
	EndGlobalSection
	GlobalSection(ExtensibilityGlobals) = postSolution
		SolutionGuid = {77AAF193-5256-4029-8A55-9B2B67A87D2B}
	EndGlobalSection
EndGlobal
